
Microsoft Visual Studio Solution File, Format Version 12.00
# Visual Studio 15
VisualStudioVersion = 15.0.27130.0
MinimumVisualStudioVersion = 10.0.40219.1
Project("{9A19103F-16F7-4668-BE54-9A1E7A4F7556}") = "TombProspectors", "TombProspectors\TombProspectors.csproj", "{4C0E7DF1-EB95-4979-9F5D-043C9444F070}"
EndProject
Project("{2150E333-8FDC-42A3-9474-1A3956D46DE8}") = "Docs", "Docs", "{E0AA0D3F-AC1B-470E-BD93-D92EC52E62F0}"
	ProjectSection(SolutionItems) = preProject
		Docs\Install.sql = Docs\Install.sql
	EndProjectSection
EndProject
Global
	GlobalSection(SolutionConfigurationPlatforms) = preSolution
		Debug|Any CPU = Debug|Any CPU
		Release|Any CPU = Release|Any CPU
	EndGlobalSection
	GlobalSection(ProjectConfigurationPlatforms) = postSolution
		{4C0E7DF1-EB95-4979-9F5D-043C9444F070}.Debug|Any CPU.ActiveCfg = Debug|Any CPU
		{4C0E7DF1-EB95-4979-9F5D-043C9444F070}.Debug|Any CPU.Build.0 = Debug|Any CPU
		{4C0E7DF1-EB95-4979-9F5D-043C9444F070}.Release|Any CPU.ActiveCfg = Release|Any CPU
		{4C0E7DF1-EB95-4979-9F5D-043C9444F070}.Release|Any CPU.Build.0 = Release|Any CPU
	EndGlobalSection
	GlobalSection(SolutionProperties) = preSolution
		HideSolutionNode = FALSE
	EndGlobalSection
	GlobalSection(ExtensibilityGlobals) = postSolution
		SolutionGuid = {C4217DDA-6C51-40ED-A317-6625BD9A4970}
	EndGlobalSection
EndGlobal
